
Microsoft Visual Studio Solution File, Format Version 12.00
# Visual Studio Version 17
VisualStudioVersion = 17.3.32922.545
MinimumVisualStudioVersion = 10.0.40219.1
Project("{9A19103F-16F7-4668-BE54-9A1E7A4F7556}") = "Transflo_DriverCRUDProject", "Transflo_DriverCRUDProject\Transflo_DriverCRUDProject.csproj", "{CFD5D0B4-C393-4044-BF3C-6BF7F142F543}"
EndProject
Project("{FAE04EC0-301F-11D3-BF4B-00C04F79EFBC}") = "SeedDriversData", "SeedDriversData\SeedDriversData.csproj", "{F38E79A5-0D77-4573-8904-EAB89E580889}"
EndProject
Global
	GlobalSection(SolutionConfigurationPlatforms) = preSolution
		Debug|Any CPU = Debug|Any CPU
		Release|Any CPU = Release|Any CPU
	EndGlobalSection
	GlobalSection(ProjectConfigurationPlatforms) = postSolution
		{CFD5D0B4-C393-4044-BF3C-6BF7F142F543}.Debug|Any CPU.ActiveCfg = Debug|Any CPU
		{CFD5D0B4-C393-4044-BF3C-6BF7F142F543}.Debug|Any CPU.Build.0 = Debug|Any CPU
		{CFD5D0B4-C393-4044-BF3C-6BF7F142F543}.Release|Any CPU.ActiveCfg = Release|Any CPU
		{CFD5D0B4-C393-4044-BF3C-6BF7F142F543}.Release|Any CPU.Build.0 = Release|Any CPU
		{F38E79A5-0D77-4573-8904-EAB89E580889}.Debug|Any CPU.ActiveCfg = Debug|Any CPU
		{F38E79A5-0D77-4573-8904-EAB89E580889}.Debug|Any CPU.Build.0 = Debug|Any CPU
		{F38E79A5-0D77-4573-8904-EAB89E580889}.Release|Any CPU.ActiveCfg = Release|Any CPU
		{F38E79A5-0D77-4573-8904-EAB89E580889}.Release|Any CPU.Build.0 = Release|Any CPU
	EndGlobalSection
	GlobalSection(SolutionProperties) = preSolution
		HideSolutionNode = FALSE
	EndGlobalSection
	GlobalSection(ExtensibilityGlobals) = postSolution
		SolutionGuid = {1593D5C8-9691-4657-A17B-1F14B1E53E99}
	EndGlobalSection
EndGlobal
